<?xml version="1.0" encoding="utf-8"?>
<Project ToolsVersion="4.0" xmlns="http://schemas.microsoft.com/developer/msbuild/2003">
  <ItemGroup>
    <Filter Include="源文件">
      <UniqueIdentifier>{4FC737F1-C7A5-4376-A066-2A32D752A2FF}</UniqueIdentifier>
      <Extensions>cpp;c;cc;cxx;def;odl;idl;hpj;bat;asm;asmx</Extensions>
    </Filter>
    <Filter Include="头文件">
      <UniqueIdentifier>{93995380-89BD-4b04-88EB-625FBE52EBFB}</UniqueIdentifier>
      <Extensions>h;hh;hpp;hxx;hm;inl;inc;ipp;xsd</Extensions>
    </Filter>
    <Filter Include="资源文件">
      <UniqueIdentifier>{67DA6AB6-F800-4c08-8B7A-83BB121AAD01}</UniqueIdentifier>
      <Extensions>rc;ico;cur;bmp;dlg;rc2;rct;bin;rgs;gif;jpg;jpeg;jpe;resx;tiff;tif;png;wav;mfcribbon-ms</Extensions>
    </Filter>
  </ItemGroup>
  <ItemGroup>
    <ClInclude Include="PlaneGame.h">
      <Filter>头文件</Filter>
    </ClInclude>
    <ClInclude Include="stdafx.h">
      <Filter>头文件</Filter>
    </ClInclude>
    <ClInclude Include="targetver.h">
      <Filter>头文件</Filter>
    </ClInclude>
    <ClInclude Include="MainFrm.h">
      <Filter>头文件</Filter>
    </ClInclude>
    <ClInclude Include="PlaneGameDoc.h">
      <Filter>头文件</Filter>
    </ClInclude>
    <ClInclude Include="PlaneGameView.h">
      <Filter>头文件</Filter>
    </ClInclude>
    <ClInclude Include="Resource.h">
      <Filter>头文件</Filter>
    </ClInclude>
    <ClInclude Include="GameObject.h">
      <Filter>头文件</Filter>
    </ClInclude>
    <ClInclude Include="Me.h">
      <Filter>头文件</Filter>
    </ClInclude>
    <ClInclude Include="Bomb.h">
      <Filter>头文件</Filter>
    </ClInclude>
    <ClInclude Include="Blood.h">
      <Filter>头文件</Filter>
    </ClInclude>
    <ClInclude Include="Explosion.h">
      <Filter>头文件</Filter>
    </ClInclude>
    <ClInclude Include="Buff.h">
      <Filter>头文件</Filter>
    </ClInclude>
    <ClInclude Include="Bomb_enemy.h">
      <Filter>头文件</Filter>
    </ClInclude>
    <ClInclude Include="Explosion_me.h">
      <Filter>头文件</Filter>
    </ClInclude>
    <ClInclude Include="Enemy_middle.h">
      <Filter>头文件</Filter>
    </ClInclude>
    <ClInclude Include="Background.h">
      <Filter>头文件</Filter>
    </ClInclude>
    <ClInclude Include="Welcome.h">
      <Filter>头文件</Filter>
    </ClInclude>
    <ClInclude Include="HttpClient.h">
      <Filter>头文件</Filter>
    </ClInclude>
    <ClInclude Include="EnterName.h">
      <Filter>头文件</Filter>
    </ClInclude>
    <ClInclude Include="Boss.h">
      <Filter>头文件</Filter>
    </ClInclude>
    <ClInclude Include="Enemy_small.h">
      <Filter>头文件</Filter>
    </ClInclude>
    <ClInclude Include="Enemy.h">
      <Filter>头文件</Filter>
    </ClInclude>
    <ClInclude Include="Boss_big.h">
      <Filter>头文件</Filter>
    </ClInclude>
    <ClInclude Include="Boss_small.h">
      <Filter>头文件</Filter>
    </ClInclude>
    <ClInclude Include="Backhole.h">
      <Filter>头文件</Filter>
    </ClInclude>
  </ItemGroup>
  <ItemGroup>
    <ClCompile Include="PlaneGame.cpp">
      <Filter>源文件</Filter>
    </ClCompile>
    <ClCompile Include="stdafx.cpp">
      <Filter>源文件</Filter>
    </ClCompile>
    <ClCompile Include="MainFrm.cpp">
      <Filter>源文件</Filter>
    </ClCompile>
    <ClCompile Include="PlaneGameDoc.cpp">
      <Filter>源文件</Filter>
    </ClCompile>
    <ClCompile Include="PlaneGameView.cpp">
      <Filter>源文件</Filter>
    </ClCompile>
    <ClCompile Include="GameObject.cpp">
      <Filter>源文件</Filter>
    </ClCompile>
    <ClCompile Include="Me.cpp">
      <Filter>源文件</Filter>
    </ClCompile>
    <ClCompile Include="Bomb.cpp">
      <Filter>源文件</Filter>
    </ClCompile>
    <ClCompile Include="Blood.cpp">
      <Filter>源文件</Filter>
    </ClCompile>
    <ClCompile Include="Explosion.cpp">
      <Filter>源文件</Filter>
    </ClCompile>
    <ClCompile Include="Buff.cpp">
      <Filter>源文件</Filter>
    </ClCompile>
    <ClCompile Include="Bomb_enemy.cpp">
      <Filter>源文件</Filter>
    </ClCompile>
    <ClCompile Include="Explosion_me.cpp">
      <Filter>源文件</Filter>
    </ClCompile>
    <ClCompile Include="Enemy_middle.cpp">
      <Filter>源文件</Filter>
    </ClCompile>
    <ClCompile Include="Background.cpp">
      <Filter>源文件</Filter>
    </ClCompile>
    <ClCompile Include="Welcome.cpp">
      <Filter>源文件</Filter>
    </ClCompile>
    <ClCompile Include="HttpClient.cpp">
      <Filter>源文件</Filter>
    </ClCompile>
    <ClCompile Include="EnterName.cpp">
      <Filter>源文件</Filter>
    </ClCompile>
    <ClCompile Include="Boss.cpp">
      <Filter>源文件</Filter>
    </ClCompile>
    <ClCompile Include="Enemy_small.cpp">
      <Filter>源文件</Filter>
    </ClCompile>
    <ClCompile Include="Enemy.cpp">
      <Filter>源文件</Filter>
    </ClCompile>
    <ClCompile Include="Boss_big.cpp">
      <Filter>源文件</Filter>
    </ClCompile>
    <ClCompile Include="Boss_small.cpp">
      <Filter>源文件</Filter>
    </ClCompile>
    <ClCompile Include="Backhole.cpp">
      <Filter>源文件</Filter>
    </ClCompile>
  </ItemGroup>
  <ItemGroup>
    <ResourceCompile Include="PlaneGame.rc">
      <Filter>资源文件</Filter>
    </ResourceCompile>
  </ItemGroup>
  <ItemGroup>
    <None Include="res\PlaneGame.rc2">
      <Filter>资源文件</Filter>
    </None>
    <None Include="ClassDiagram.cd" />
  </ItemGroup>
  <ItemGroup>
    <Image Include="res\PlaneGameDoc.ico">
      <Filter>资源文件</Filter>
    </Image>
    <Image Include="res\PlaneGame.ico">
      <Filter>资源文件</Filter>
    </Image>
    <Image Include="res\Toolbar.bmp">
      <Filter>资源文件</Filter>
    </Image>
    <Image Include="res\bitmap1.bmp">
      <Filter>资源文件</Filter>
    </Image>
    <Image Include="res\ball.BMP">
      <Filter>资源文件</Filter>
    </Image>
    <Image Include="res\bomb.bmp">
      <Filter>资源文件</Filter>
    </Image>
    <Image Include="res\enemy.bmp">
      <Filter>资源文件</Filter>
    </Image>
    <Image Include="res\explosion.BMP">
      <Filter>资源文件</Filter>
    </Image>
    <Image Include="res\me.bmp">
      <Filter>资源文件</Filter>
    </Image>
    <Image Include="res\bmp\bg.bmp">
      <Filter>资源文件</Filter>
    </Image>
    <Image Include="res\bmp\big.bmp">
      <Filter>资源文件</Filter>
    </Image>
    <Image Include="res\bmp\blue_bullet.bmp">
      <Filter>资源文件</Filter>
    </Image>
    <Image Include="res\bmp\bomb.bmp">
      <Filter>资源文件</Filter>
    </Image>
    <Image Include="res\bmp\bomb_award.bmp">
      <Filter>资源文件</Filter>
    </Image>
    <Image Include="res\bmp\bullet_award.bmp">
      <Filter>资源文件</Filter>
    </Image>
    <Image Include="res\bmp\explosion.bmp">
      <Filter>资源文件</Filter>
    </Image>
    <Image Include="res\bmp\middle.bmp">
      <Filter>资源文件</Filter>
    </Image>
    <Image Include="res\bmp\pause2.bmp">
      <Filter>资源文件</Filter>
    </Image>
    <Image Include="res\bmp\plane.bmp">
      <Filter>资源文件</Filter>
    </Image>
    <Image Include="res\bmp\small.bmp">
      <Filter>资源文件</Filter>
    </Image>
    <Image Include="res\bmp\yellow_bullet.bmp">
      <Filter>资源文件</Filter>
    </Image>
    <Image Include="res\bmp\heart_grey.bmp">
      <Filter>资源文件</Filter>
    </Image>
    <Image Include="res\bmp\heart_red.bmp">
      <Filter>资源文件</Filter>
    </Image>
    <Image Include="res\bmp\heart.bmp">
      <Filter>资源文件</Filter>
    </Image>
    <Image Include="res\bmp\get_heart.bmp">
      <Filter>资源文件</Filter>
    </Image>
    <Image Include="res\bmp\buff.bmp">
      <Filter>资源文件</Filter>
    </Image>
    <Image Include="res\bmp\explosion_me.bmp">
      <Filter>资源文件</Filter>
    </Image>
    <Image Include="res\bmp\welcome.bmp">
      <Filter>资源文件</Filter>
    </Image>
    <Image Include="res\bmp\bitmap10.bmp">
      <Filter>资源文件</Filter>
    </Image>
    <Image Include="C:\Users\葉蕖\Desktop\blackhole.bmp">
      <Filter>资源文件</Filter>
    </Image>
    <Image Include="C:\Users\葉蕖\Desktop\boss_big.bmp">
      <Filter>资源文件</Filter>
    </Image>
    <Image Include="C:\Users\葉蕖\Desktop\boss_small.bmp">
      <Filter>资源文件</Filter>
    </Image>
    <Image Include="C:\Users\葉蕖\Desktop\blackhole1.bmp">
      <Filter>资源文件</Filter>
    </Image>
  </ItemGroup>
  <ItemGroup>
    <Media Include="C:\Users\葉蕖\Desktop\用VC写的飞机大战游戏源码\Resources\sound\bullet.mp3" />
    <Media Include="C:\Users\葉蕖\Desktop\bullet.wav">
      <Filter>资源文件</Filter>
    </Media>
    <Media Include="res\game_music.wav">
      <Filter>资源文件</Filter>
    </Media>
    <Media Include="res\hello.wav">
      <Filter>资源文件</Filter>
    </Media>
  </ItemGroup>
</Project>